
Microsoft Visual Studio Solution File, Format Version 12.00
# Visual Studio Version 16
VisualStudioVersion = 16.0.30225.117
MinimumVisualStudioVersion = 10.0.40219.1
Project("{FAE04EC0-301F-11D3-BF4B-00C04F79EFBC}") = "AdventOfCode", "AdventOfCode\AdventOfCode.csproj", "{F5DE8D60-A40D-42B6-B8BB-70678823C409}"
EndProject
Project("{FAE04EC0-301F-11D3-BF4B-00C04F79EFBC}") = "Tests", "Tests\Tests.csproj", "{62592F0B-8826-4FE6-A147-28219DEC9DAB}"
EndProject
Global
	GlobalSection(SolutionConfigurationPlatforms) = preSolution
		Debug|Any CPU = Debug|Any CPU
		Release|Any CPU = Release|Any CPU
	EndGlobalSection
	GlobalSection(ProjectConfigurationPlatforms) = postSolution
		{F5DE8D60-A40D-42B6-B8BB-70678823C409}.Debug|Any CPU.ActiveCfg = Debug|Any CPU
		{F5DE8D60-A40D-42B6-B8BB-70678823C409}.Debug|Any CPU.Build.0 = Debug|Any CPU
		{F5DE8D60-A40D-42B6-B8BB-70678823C409}.Release|Any CPU.ActiveCfg = Release|Any CPU
		{F5DE8D60-A40D-42B6-B8BB-70678823C409}.Release|Any CPU.Build.0 = Release|Any CPU
		{62592F0B-8826-4FE6-A147-28219DEC9DAB}.Debug|Any CPU.ActiveCfg = Debug|Any CPU
		{62592F0B-8826-4FE6-A147-28219DEC9DAB}.Debug|Any CPU.Build.0 = Debug|Any CPU
		{62592F0B-8826-4FE6-A147-28219DEC9DAB}.Release|Any CPU.ActiveCfg = Release|Any CPU
		{62592F0B-8826-4FE6-A147-28219DEC9DAB}.Release|Any CPU.Build.0 = Release|Any CPU
	EndGlobalSection
	GlobalSection(SolutionProperties) = preSolution
		HideSolutionNode = FALSE
	EndGlobalSection
	GlobalSection(ExtensibilityGlobals) = postSolution
		SolutionGuid = {82F12A5E-9551-4938-9AC3-1FF42C611FA3}
	EndGlobalSection
EndGlobal
